schema: '2.0'
stages:
  data_ingestion:
    cmd: python src/cnnClassifier/pipeline/stage_01_data_ingestion.py
    deps:
    - path: config/config.yaml
      hash: md5
      md5: e83a292171fa928b1880bc6efc995684
      size: 932
    - path: src/cnnClassifier/pipeline/stage_01_data_ingestion.py
      hash: md5
      md5: e9231d0ad761c6661d97f56b73601dc1
      size: 945
    outs:
    - path: artifacts/data_ingestion/Chicken-fecal-images
      hash: md5
      md5: 9e1f8dd2eae3c29e9d635df89d438ae4.dir
      size: 12207807
      nfiles: 390
  prepare_base_model:
    cmd: python src/cnnClassifier/pipeline/stage_02_prepare_base_model.py
    deps:
    - path: config/config.yaml
      hash: md5
      md5: e83a292171fa928b1880bc6efc995684
      size: 932
    - path: src/cnnClassifier/pipeline/stage_02_prepare_base_model.py
      hash: md5
      md5: 9978af3b4c238f29adb17f1803bfb3b8
      size: 1023
    params:
      params.yaml:
        CLASSES: 2
        IMAGE_SIZE:
        - 224
        - 224
        - 3
        INCLUDE_TOP: false
        LEARNING_RATE: 0.01
        WEIGHTS: imagenet
    outs:
    - path: artifacts/prepare_base_model
      hash: md5
      md5: fe7fe3533313f910ba0c8df03ee2d3f0.dir
      size: 118059248
      nfiles: 2
  training:
    cmd: python src/cnnClassifier/pipeline/stage_03_training.py
    deps:
    - path: artifacts/data_ingestion/Chicken-fecal-images
      hash: md5
      md5: 9e1f8dd2eae3c29e9d635df89d438ae4.dir
      size: 12207807
      nfiles: 390
    - path: artifacts/prepare_base_model
      hash: md5
      md5: fe7fe3533313f910ba0c8df03ee2d3f0.dir
      size: 118059248
      nfiles: 2
    - path: config/config.yaml
      hash: md5
      md5: e83a292171fa928b1880bc6efc995684
      size: 932
    - path: src/cnnClassifier/components/prepare_callbacks.py
      hash: md5
      md5: a7398692084d31401e9f9e0ca44f9204
      size: 1009
    - path: src/cnnClassifier/pipeline/stage_03_training.py
      hash: md5
      md5: 9fe911988c73e758a94659a2d00450d3
      size: 1229
    params:
      params.yaml:
        AUGMENTATION: true
        BATCH_SIZE: 16
        EPOCHS: 1
        IMAGE_SIZE:
        - 224
        - 224
        - 3
    outs:
    - path: artifacts/training/model.h5
      hash: md5
      md5: 4f4007c052d6fa529fa458ffa40b1bec
      size: 59340720
  evaluation:
    cmd: python src/cnnClassifier/pipeline/stage_04_evaluation.py
    deps:
    - path: artifacts/data_ingestion/Chicken-fecal-images
      hash: md5
      md5: 9e1f8dd2eae3c29e9d635df89d438ae4.dir
      size: 12207807
      nfiles: 390
    - path: artifacts/training/model.h5
      hash: md5
      md5: 4f4007c052d6fa529fa458ffa40b1bec
      size: 59340720
    - path: config/config.yaml
      hash: md5
      md5: e83a292171fa928b1880bc6efc995684
      size: 932
    - path: src/cnnClassifier/pipeline/stage_04_evaluation.py
      hash: md5
      md5: 62c3e7a10cb0a5ee6f15d98c29cfea38
      size: 874
    params:
      params.yaml:
        BATCH_SIZE: 16
        IMAGE_SIZE:
        - 224
        - 224
        - 3
    outs:
    - path: scores.json
      hash: md5
      md5: ab12a018e77b20d3a202871b76fa9c40
      size: 74
